
Microsoft Visual Studio Solution File, Format Version 12.00
# Visual Studio Version 16
VisualStudioVersion = 16.0.30804.86
MinimumVisualStudioVersion = 10.0.40219.1
Project("{FAE04EC0-301F-11D3-BF4B-00C04F79EFBC}") = "maze", "maze\maze.csproj", "{1BB89730-264D-4BE2-9AEC-DA98D968842D}"
EndProject
Global
	GlobalSection(SolutionConfigurationPlatforms) = preSolution
		Debug|Any CPU = Debug|Any CPU
		Release|Any CPU = Release|Any CPU
	EndGlobalSection
	GlobalSection(ProjectConfigurationPlatforms) = postSolution
		{1BB89730-264D-4BE2-9AEC-DA98D968842D}.Debug|Any CPU.ActiveCfg = Debug|Any CPU
		{1BB89730-264D-4BE2-9AEC-DA98D968842D}.Debug|Any CPU.Build.0 = Debug|Any CPU
		{1BB89730-264D-4BE2-9AEC-DA98D968842D}.Release|Any CPU.ActiveCfg = Release|Any CPU
		{1BB89730-264D-4BE2-9AEC-DA98D968842D}.Release|Any CPU.Build.0 = Release|Any CPU
	EndGlobalSection
	GlobalSection(SolutionProperties) = preSolution
		HideSolutionNode = FALSE
	EndGlobalSection
	GlobalSection(ExtensibilityGlobals) = postSolution
		SolutionGuid = {D6EDA9E6-949B-4ADE-B5F9-16436E01880E}
	EndGlobalSection
EndGlobal
